
Microsoft Visual Studio Solution File, Format Version 12.00
# Visual Studio Version 16
VisualStudioVersion = 16.0.30204.135
MinimumVisualStudioVersion = 10.0.40219.1
Project("{9A19103F-16F7-4668-BE54-9A1E7A4F7556}") = "OdalysProject.Web", "OdalysProject.Web\OdalysProject.Web.csproj", "{1B8376E3-E8F2-4BCF-8470-D25E8B02BBDA}"
EndProject
Global
	GlobalSection(SolutionConfigurationPlatforms) = preSolution
		Debug|Any CPU = Debug|Any CPU
		Release|Any CPU = Release|Any CPU
	EndGlobalSection
	GlobalSection(ProjectConfigurationPlatforms) = postSolution
		{1B8376E3-E8F2-4BCF-8470-D25E8B02BBDA}.Debug|Any CPU.ActiveCfg = Debug|Any CPU
		{1B8376E3-E8F2-4BCF-8470-D25E8B02BBDA}.Debug|Any CPU.Build.0 = Debug|Any CPU
		{1B8376E3-E8F2-4BCF-8470-D25E8B02BBDA}.Release|Any CPU.ActiveCfg = Release|Any CPU
		{1B8376E3-E8F2-4BCF-8470-D25E8B02BBDA}.Release|Any CPU.Build.0 = Release|Any CPU
	EndGlobalSection
	GlobalSection(SolutionProperties) = preSolution
		HideSolutionNode = FALSE
	EndGlobalSection
	GlobalSection(ExtensibilityGlobals) = postSolution
		SolutionGuid = {94DAFE6C-25C4-4EC4-930B-1AF72766B813}
	EndGlobalSection
EndGlobal
